
Microsoft Visual Studio Solution File, Format Version 12.00
# Visual Studio 14
VisualStudioVersion = 14.0.24720.0
MinimumVisualStudioVersion = 10.0.40219.1
Project("{FAE04EC0-301F-11D3-BF4B-00C04F79EFBC}") = "Csla.ScratchPad.BusinessLayer", "Csla.ScratchPad.BusinessLayer\Csla.ScratchPad.BusinessLayer.csproj", "{087E61EF-04A0-4C7C-8E55-C11EFE22234F}"
EndProject
Project("{FAE04EC0-301F-11D3-BF4B-00C04F79EFBC}") = "Csla.ScratchPad.ServiceLayer", "Csla.ScratchPad.ServiceLayer\Csla.ScratchPad.ServiceLayer.csproj", "{D455AFF2-EFD9-4332-988D-4E6AEE73315C}"
EndProject
Project("{FAE04EC0-301F-11D3-BF4B-00C04F79EFBC}") = "Csla.ScratchPad.Console", "Csla.ScratchPad.Console\Csla.ScratchPad.Console.csproj", "{67B10F15-A5D8-4BC2-BB37-517519334AF6}"
EndProject
Global
	GlobalSection(SolutionConfigurationPlatforms) = preSolution
		Debug|Any CPU = Debug|Any CPU
		Release|Any CPU = Release|Any CPU
	EndGlobalSection
	GlobalSection(ProjectConfigurationPlatforms) = postSolution
		{087E61EF-04A0-4C7C-8E55-C11EFE22234F}.Debug|Any CPU.ActiveCfg = Debug|Any CPU
		{087E61EF-04A0-4C7C-8E55-C11EFE22234F}.Debug|Any CPU.Build.0 = Debug|Any CPU
		{087E61EF-04A0-4C7C-8E55-C11EFE22234F}.Release|Any CPU.ActiveCfg = Release|Any CPU
		{087E61EF-04A0-4C7C-8E55-C11EFE22234F}.Release|Any CPU.Build.0 = Release|Any CPU
		{D455AFF2-EFD9-4332-988D-4E6AEE73315C}.Debug|Any CPU.ActiveCfg = Debug|Any CPU
		{D455AFF2-EFD9-4332-988D-4E6AEE73315C}.Debug|Any CPU.Build.0 = Debug|Any CPU
		{D455AFF2-EFD9-4332-988D-4E6AEE73315C}.Release|Any CPU.ActiveCfg = Release|Any CPU
		{D455AFF2-EFD9-4332-988D-4E6AEE73315C}.Release|Any CPU.Build.0 = Release|Any CPU
		{67B10F15-A5D8-4BC2-BB37-517519334AF6}.Debug|Any CPU.ActiveCfg = Debug|Any CPU
		{67B10F15-A5D8-4BC2-BB37-517519334AF6}.Debug|Any CPU.Build.0 = Debug|Any CPU
		{67B10F15-A5D8-4BC2-BB37-517519334AF6}.Release|Any CPU.ActiveCfg = Release|Any CPU
		{67B10F15-A5D8-4BC2-BB37-517519334AF6}.Release|Any CPU.Build.0 = Release|Any CPU
	EndGlobalSection
	GlobalSection(SolutionProperties) = preSolution
		HideSolutionNode = FALSE
	EndGlobalSection
EndGlobal
